{
  "name": "projet_ift2935",
  "lockfileVersion": 3,
  "requires": true,
  "packages": {
    "": {
      "dependencies": {
        "jotai": "^2.7.1"
      }
    },
    "node_modules/jotai": {
      "version": "2.7.1",
      "resolved": "https://registry.npmjs.org/jotai/-/jotai-2.7.1.tgz",
      "integrity": "sha512-bsaTPn02nFgWNP6cBtg/htZhCu4s0wxqoklRHePp6l/vlsypR9eLn7diRliwXYWMXDpPvW/LLA2afI8vwgFFaw==",
      "engines": {
        "node": ">=12.20.0"
      },
      "peerDependencies": {
        "@types/react": ">=17.0.0",
        "react": ">=17.0.0"
      },
      "peerDependenciesMeta": {
        "@types/react": {
          "optional": true
        },
        "react": {
          "optional": true
        }
      }
    }
  }
}
